
Microsoft Visual Studio Solution File, Format Version 12.00
# Visual Studio Version 17
VisualStudioVersion = 17.3.32804.467
MinimumVisualStudioVersion = 10.0.40219.1
Project("{FAE04EC0-301F-11D3-BF4B-00C04F79EFBC}") = "StackAppRefreshData", "StackAppRefreshData\StackAppRefreshData.csproj", "{C1F93804-A07E-4AC3-B38C-C992783F0E56}"
EndProject
Global
	GlobalSection(SolutionConfigurationPlatforms) = preSolution
		Debug|Any CPU = Debug|Any CPU
		Release|Any CPU = Release|Any CPU
	EndGlobalSection
	GlobalSection(ProjectConfigurationPlatforms) = postSolution
		{C1F93804-A07E-4AC3-B38C-C992783F0E56}.Debug|Any CPU.ActiveCfg = Debug|Any CPU
		{C1F93804-A07E-4AC3-B38C-C992783F0E56}.Debug|Any CPU.Build.0 = Debug|Any CPU
		{C1F93804-A07E-4AC3-B38C-C992783F0E56}.Release|Any CPU.ActiveCfg = Release|Any CPU
		{C1F93804-A07E-4AC3-B38C-C992783F0E56}.Release|Any CPU.Build.0 = Release|Any CPU
	EndGlobalSection
	GlobalSection(SolutionProperties) = preSolution
		HideSolutionNode = FALSE
	EndGlobalSection
	GlobalSection(ExtensibilityGlobals) = postSolution
		SolutionGuid = {4036CAC7-7710-467F-BFB8-4CD05968F714}
	EndGlobalSection
EndGlobal
